
Microsoft Visual Studio Solution File, Format Version 12.00
# Visual Studio Version 17
VisualStudioVersion = 17.8.34330.188
MinimumVisualStudioVersion = 10.0.40219.1
Project("{FAE04EC0-301F-11D3-BF4B-00C04F79EFBC}") = "Myket", "Myket\Myket.csproj", "{B976051A-BB40-4ACD-A217-E06BC3060080}"
EndProject
Global
	GlobalSection(SolutionConfigurationPlatforms) = preSolution
		Debug|Any CPU = Debug|Any CPU
		Release|Any CPU = Release|Any CPU
	EndGlobalSection
	GlobalSection(ProjectConfigurationPlatforms) = postSolution
		{B976051A-BB40-4ACD-A217-E06BC3060080}.Debug|Any CPU.ActiveCfg = Debug|Any CPU
		{B976051A-BB40-4ACD-A217-E06BC3060080}.Debug|Any CPU.Build.0 = Debug|Any CPU
		{B976051A-BB40-4ACD-A217-E06BC3060080}.Release|Any CPU.ActiveCfg = Release|Any CPU
		{B976051A-BB40-4ACD-A217-E06BC3060080}.Release|Any CPU.Build.0 = Release|Any CPU
	EndGlobalSection
	GlobalSection(SolutionProperties) = preSolution
		HideSolutionNode = FALSE
	EndGlobalSection
	GlobalSection(ExtensibilityGlobals) = postSolution
		SolutionGuid = {44C7CE7B-130A-47BA-8B6E-212321C490BE}
	EndGlobalSection
EndGlobal
